
Microsoft Visual Studio Solution File, Format Version 12.00
# Visual Studio Version 17
VisualStudioVersion = 17.8.34316.72
MinimumVisualStudioVersion = 10.0.40219.1
Project("{FAE04EC0-301F-11D3-BF4B-00C04F79EFBC}") = "WinFormsApp1", "WinFormsApp1.csproj", "{C3BE9901-4E31-41C6-831D-0844D71645DC}"
EndProject
Global
	GlobalSection(SolutionConfigurationPlatforms) = preSolution
		Debug|Any CPU = Debug|Any CPU
		Release|Any CPU = Release|Any CPU
	EndGlobalSection
	GlobalSection(ProjectConfigurationPlatforms) = postSolution
		{C3BE9901-4E31-41C6-831D-0844D71645DC}.Debug|Any CPU.ActiveCfg = Debug|Any CPU
		{C3BE9901-4E31-41C6-831D-0844D71645DC}.Debug|Any CPU.Build.0 = Debug|Any CPU
		{C3BE9901-4E31-41C6-831D-0844D71645DC}.Release|Any CPU.ActiveCfg = Release|Any CPU
		{C3BE9901-4E31-41C6-831D-0844D71645DC}.Release|Any CPU.Build.0 = Release|Any CPU
	EndGlobalSection
	GlobalSection(SolutionProperties) = preSolution
		HideSolutionNode = FALSE
	EndGlobalSection
	GlobalSection(ExtensibilityGlobals) = postSolution
		SolutionGuid = {F3C83435-9570-4FC0-8B20-58D50DC690E7}
	EndGlobalSection
EndGlobal
